
Microsoft Visual Studio Solution File, Format Version 12.00
# Visual Studio Version 16
VisualStudioVersion = 16.0.31729.503
MinimumVisualStudioVersion = 10.0.40219.1
Project("{8BC9CEB8-8B4A-11D0-8D11-00A0C91BC942}") = "TP_2_16_1", "TP_2_16_1\TP_2_16_1.vcxproj", "{BA5147E1-292B-4EE7-A607-E46E5BD76702}"
EndProject
Global
	GlobalSection(SolutionConfigurationPlatforms) = preSolution
		Debug|x64 = Debug|x64
		Debug|x86 = Debug|x86
		Release|x64 = Release|x64
		Release|x86 = Release|x86
	EndGlobalSection
	GlobalSection(ProjectConfigurationPlatforms) = postSolution
		{BA5147E1-292B-4EE7-A607-E46E5BD76702}.Debug|x64.ActiveCfg = Debug|x64
		{BA5147E1-292B-4EE7-A607-E46E5BD76702}.Debug|x64.Build.0 = Debug|x64
		{BA5147E1-292B-4EE7-A607-E46E5BD76702}.Debug|x86.ActiveCfg = Debug|Win32
		{BA5147E1-292B-4EE7-A607-E46E5BD76702}.Debug|x86.Build.0 = Debug|Win32
		{BA5147E1-292B-4EE7-A607-E46E5BD76702}.Release|x64.ActiveCfg = Release|x64
		{BA5147E1-292B-4EE7-A607-E46E5BD76702}.Release|x64.Build.0 = Release|x64
		{BA5147E1-292B-4EE7-A607-E46E5BD76702}.Release|x86.ActiveCfg = Release|Win32
		{BA5147E1-292B-4EE7-A607-E46E5BD76702}.Release|x86.Build.0 = Release|Win32
	EndGlobalSection
	GlobalSection(SolutionProperties) = preSolution
		HideSolutionNode = FALSE
	EndGlobalSection
	GlobalSection(ExtensibilityGlobals) = postSolution
		SolutionGuid = {1B6219A1-A12C-41C5-BF7C-4ECB9DF16970}
	EndGlobalSection
EndGlobal
